
Microsoft Visual Studio Solution File, Format Version 12.00
# Visual Studio Version 17
VisualStudioVersion = 17.6.33815.320
MinimumVisualStudioVersion = 10.0.40219.1
Project("{FAE04EC0-301F-11D3-BF4B-00C04F79EFBC}") = "PersonalTrainingManagementApp", "PersonalTrainingManagementApp\PersonalTrainingManagementApp.csproj", "{18BE56A0-46E9-4B34-8699-21EF8DAF39C6}"
EndProject
Project("{FAE04EC0-301F-11D3-BF4B-00C04F79EFBC}") = "PersonalTrainingManagementApp.Domain", "PersonalTrainingManagementApp.Domain\PersonalTrainingManagementApp.Domain.csproj", "{672F08D6-073B-4C20-B20E-7F075703B7C3}"
EndProject
Project("{FAE04EC0-301F-11D3-BF4B-00C04F79EFBC}") = "PersonalTrainingManagementApp.Application", "PersonalTrainingManagementApp.Application\PersonalTrainingManagementApp.Application.csproj", "{AB8CB862-04BF-4564-BFA2-0820D4D7A12C}"
EndProject
Project("{FAE04EC0-301F-11D3-BF4B-00C04F79EFBC}") = "PersonalTrainingManagementApp.Infrastructure", "PersonalTrainingManagementApp.Infrastructure\PersonalTrainingManagementApp.Infrastructure.csproj", "{2943492E-0AFD-4D1C-9308-1E4CA1E82DE4}"
EndProject
Global
	GlobalSection(SolutionConfigurationPlatforms) = preSolution
		Debug|Any CPU = Debug|Any CPU
		Release|Any CPU = Release|Any CPU
	EndGlobalSection
	GlobalSection(ProjectConfigurationPlatforms) = postSolution
		{18BE56A0-46E9-4B34-8699-21EF8DAF39C6}.Debug|Any CPU.ActiveCfg = Debug|Any CPU
		{18BE56A0-46E9-4B34-8699-21EF8DAF39C6}.Debug|Any CPU.Build.0 = Debug|Any CPU
		{18BE56A0-46E9-4B34-8699-21EF8DAF39C6}.Release|Any CPU.ActiveCfg = Release|Any CPU
		{18BE56A0-46E9-4B34-8699-21EF8DAF39C6}.Release|Any CPU.Build.0 = Release|Any CPU
		{672F08D6-073B-4C20-B20E-7F075703B7C3}.Debug|Any CPU.ActiveCfg = Debug|Any CPU
		{672F08D6-073B-4C20-B20E-7F075703B7C3}.Debug|Any CPU.Build.0 = Debug|Any CPU
		{672F08D6-073B-4C20-B20E-7F075703B7C3}.Release|Any CPU.ActiveCfg = Release|Any CPU
		{672F08D6-073B-4C20-B20E-7F075703B7C3}.Release|Any CPU.Build.0 = Release|Any CPU
		{AB8CB862-04BF-4564-BFA2-0820D4D7A12C}.Debug|Any CPU.ActiveCfg = Debug|Any CPU
		{AB8CB862-04BF-4564-BFA2-0820D4D7A12C}.Debug|Any CPU.Build.0 = Debug|Any CPU
		{AB8CB862-04BF-4564-BFA2-0820D4D7A12C}.Release|Any CPU.ActiveCfg = Release|Any CPU
		{AB8CB862-04BF-4564-BFA2-0820D4D7A12C}.Release|Any CPU.Build.0 = Release|Any CPU
		{2943492E-0AFD-4D1C-9308-1E4CA1E82DE4}.Debug|Any CPU.ActiveCfg = Debug|Any CPU
		{2943492E-0AFD-4D1C-9308-1E4CA1E82DE4}.Debug|Any CPU.Build.0 = Debug|Any CPU
		{2943492E-0AFD-4D1C-9308-1E4CA1E82DE4}.Release|Any CPU.ActiveCfg = Release|Any CPU
		{2943492E-0AFD-4D1C-9308-1E4CA1E82DE4}.Release|Any CPU.Build.0 = Release|Any CPU
	EndGlobalSection
	GlobalSection(SolutionProperties) = preSolution
		HideSolutionNode = FALSE
	EndGlobalSection
	GlobalSection(ExtensibilityGlobals) = postSolution
		SolutionGuid = {306C723C-74E5-4F14-8313-4D69833CE33C}
	EndGlobalSection
EndGlobal
